Microsoft Visual Studio Solution File, Format Version 11.00
# Visual Studio 2010
Project("{FAE04EC0-301F-11D3-BF4B-00C04F79EFBC}") = "Assembly-CSharp", "Assembly-CSharp.csproj", "{09016077-7FD4-DB16-DE50-EC20E56693CA}"
EndProject
Project("{FAE04EC0-301F-11D3-BF4B-00C04F79EFBC}") = "Assembly-CSharp-Editor", "Assembly-CSharp-Editor.csproj", "{0B3ECDC1-7738-29E6-B898-BA372ECD7299}"
EndProject
Global
	GlobalSection(SolutionConfigurationPlatforms) = preSolution
		Debug|Any CPU = Debug|Any CPU
		Release|Any CPU = Release|Any CPU
	EndGlobalSection
	GlobalSection(ProjectConfigurationPlatforms) = postSolution
		{09016077-7FD4-DB16-DE50-EC20E56693CA}.Debug|Any CPU.ActiveCfg = Debug|Any CPU
		{09016077-7FD4-DB16-DE50-EC20E56693CA}.Debug|Any CPU.Build.0 = Debug|Any CPU
		{09016077-7FD4-DB16-DE50-EC20E56693CA}.Release|Any CPU.ActiveCfg = Release|Any CPU
		{09016077-7FD4-DB16-DE50-EC20E56693CA}.Release|Any CPU.Build.0 = Release|Any CPU
		{0B3ECDC1-7738-29E6-B898-BA372ECD7299}.Debug|Any CPU.ActiveCfg = Debug|Any CPU
		{0B3ECDC1-7738-29E6-B898-BA372ECD7299}.Debug|Any CPU.Build.0 = Debug|Any CPU
		{0B3ECDC1-7738-29E6-B898-BA372ECD7299}.Release|Any CPU.ActiveCfg = Release|Any CPU
		{0B3ECDC1-7738-29E6-B898-BA372ECD7299}.Release|Any CPU.Build.0 = Release|Any CPU
	EndGlobalSection
	GlobalSection(SolutionProperties) = preSolution
		HideSolutionNode = FALSE
	EndGlobalSection
	GlobalSection(MonoDevelopProperties) = preSolution
		StartupItem = Assembly-CSharp.csproj
	EndGlobalSection
EndGlobal
