Microsoft Visual Studio Solution File, Format Version 11.00
# Visual Studio 2010
Project("{FAE04EC0-301F-11D3-BF4B-00C04F79EFBC}") = "Assembly-CSharp", "Assembly-CSharp.csproj", "{6557396A-7FA4-B5DD-C870-941FD66FDE6A}"
EndProject
Project("{FAE04EC0-301F-11D3-BF4B-00C04F79EFBC}") = "Assembly-CSharp-Editor", "Assembly-CSharp-Editor.csproj", "{5D0FB48F-D8DD-29A2-2D91-6A6EEA67C646}"
EndProject
Global
	GlobalSection(SolutionConfigurationPlatforms) = preSolution
		Debug|Any CPU = Debug|Any CPU
		Release|Any CPU = Release|Any CPU
	EndGlobalSection
	GlobalSection(ProjectConfigurationPlatforms) = postSolution
		{6557396A-7FA4-B5DD-C870-941FD66FDE6A}.Debug|Any CPU.ActiveCfg = Debug|Any CPU
		{6557396A-7FA4-B5DD-C870-941FD66FDE6A}.Debug|Any CPU.Build.0 = Debug|Any CPU
		{6557396A-7FA4-B5DD-C870-941FD66FDE6A}.Release|Any CPU.ActiveCfg = Release|Any CPU
		{6557396A-7FA4-B5DD-C870-941FD66FDE6A}.Release|Any CPU.Build.0 = Release|Any CPU
		{5D0FB48F-D8DD-29A2-2D91-6A6EEA67C646}.Debug|Any CPU.ActiveCfg = Debug|Any CPU
		{5D0FB48F-D8DD-29A2-2D91-6A6EEA67C646}.Debug|Any CPU.Build.0 = Debug|Any CPU
		{5D0FB48F-D8DD-29A2-2D91-6A6EEA67C646}.Release|Any CPU.ActiveCfg = Release|Any CPU
		{5D0FB48F-D8DD-29A2-2D91-6A6EEA67C646}.Release|Any CPU.Build.0 = Release|Any CPU
	EndGlobalSection
	GlobalSection(SolutionProperties) = preSolution
		HideSolutionNode = FALSE
	EndGlobalSection
	GlobalSection(MonoDevelopProperties) = preSolution
		StartupItem = Assembly-CSharp.csproj
	EndGlobalSection
EndGlobal
